
Microsoft Visual Studio Solution File, Format Version 12.00
# Visual Studio Version 17
VisualStudioVersion = 17.6.33829.357
MinimumVisualStudioVersion = 10.0.40219.1
Project("{2150E333-8FDC-42A3-9474-1A3956D46DE8}") = "Solution Items", "Solution Items", "{CEBE61B9-B968-4512-8F82-7F35A3D1A6A2}"
	ProjectSection(SolutionItems) = preProject
		docker-compose.yml = docker-compose.yml
		README.md = README.md
	EndProjectSection
EndProject
Project("{2150E333-8FDC-42A3-9474-1A3956D46DE8}") = "src", "src", "{BBFB1E0F-306C-4651-AC8F-54FE9F216F1E}"
EndProject
Project("{FAE04EC0-301F-11D3-BF4B-00C04F79EFBC}") = "API", "API\API.csproj", "{6AEAD973-6572-4511-9360-AEE0B99AD6B5}"
EndProject
Global
	GlobalSection(SolutionConfigurationPlatforms) = preSolution
		Debug|Any CPU = Debug|Any CPU
		Release|Any CPU = Release|Any CPU
	EndGlobalSection
	GlobalSection(ProjectConfigurationPlatforms) = postSolution
		{6AEAD973-6572-4511-9360-AEE0B99AD6B5}.Debug|Any CPU.ActiveCfg = Debug|Any CPU
		{6AEAD973-6572-4511-9360-AEE0B99AD6B5}.Debug|Any CPU.Build.0 = Debug|Any CPU
		{6AEAD973-6572-4511-9360-AEE0B99AD6B5}.Release|Any CPU.ActiveCfg = Release|Any CPU
		{6AEAD973-6572-4511-9360-AEE0B99AD6B5}.Release|Any CPU.Build.0 = Release|Any CPU
	EndGlobalSection
	GlobalSection(SolutionProperties) = preSolution
		HideSolutionNode = FALSE
	EndGlobalSection
	GlobalSection(NestedProjects) = preSolution
		{6AEAD973-6572-4511-9360-AEE0B99AD6B5} = {BBFB1E0F-306C-4651-AC8F-54FE9F216F1E}
	EndGlobalSection
	GlobalSection(ExtensibilityGlobals) = postSolution
		SolutionGuid = {4E9B8F28-ED54-43ED-925C-22ED61CD4949}
	EndGlobalSection
EndGlobal
